// !$*UTF8*$!
{
	archiveVersion = 1;
	classes = {
	};
	objectVersion = 50;
	objects = {

/* Begin PBXBuildFile section */
		8239AD57221BDAC000E33B0C /* AppDelegate.swift in Sources */ = {isa = PBXBuildFile; fileRef = 8239AD56221BDAC000E33B0C /* AppDelegate.swift */; };
		8239AD59221BDAC000E33B0C /* ViewController.swift in Sources */ = {isa = PBXBuildFile; fileRef = 8239AD58221BDAC000E33B0C /* ViewController.swift */; };
		8239AD5C221BDAC000E33B0C /* Main.storyboard in Resources */ = {isa = PBXBuildFile; fileRef = 8239AD5A221BDAC000E33B0C /* Main.storyboard */; };
		8239AD5E221BDAC100E33B0C /* Assets.xcassets in Resources */ = {isa = PBXBuildFile; fileRef = 8239AD5D221BDAC100E33B0C /* Assets.xcassets */; };
		8239AD61221BDAC100E33B0C /* LaunchScreen.storyboard in Resources */ = {isa = PBXBuildFile; fileRef = 8239AD5F221BDAC100E33B0C /* LaunchScreen.storyboard */; };
		8239AD6C221BDAC100E33B0C /* TodoTests.swift in Sources */ = {isa = PBXBuildFile; fileRef = 8239AD6B221BDAC100E33B0C /* TodoTests.swift */; };
		8239AD77221BDAC100E33B0C /* TodoUITests.swift in Sources */ = {isa = PBXBuildFile; fileRef = 8239AD76221BDAC100E33B0C /* TodoUITests.swift */; };
/* End PBXBuildFile section */

/* Begin PBXContainerItemProxy section */
		8239AD68221BDAC100E33B0C /* PBXContainerItemProxy */ = {
			isa = PBXContainerItemProxy;
			containerPortal = 8239AD4B221BDAC000E33B0C /* Project object */;
			proxyType = 1;
			remoteGlobalIDString = 8239AD52221BDAC000E33B0C;
			remoteInfo = Todo;
		};
		8239AD73221BDAC100E33B0C /* PBXContainerItemProxy */ = {
			isa = PBXContainerItemProxy;
			containerPortal = 8239AD4B221BDAC000E33B0C /* Project object */;
			proxyType = 1;
			remoteGlobalIDString = 8239AD52221BDAC000E33B0C;
			remoteInfo = Todo;
		};
/* End PBXContainerItemProxy section */

/* Begin PBXFileReference section */
		8239AD53221BDAC000E33B0C /* Todo.app */ = {isa = PBXFileReference; explicitFileType = wrapper.application; includeInIndex = 0; path = Todo.app; sourceTree = BUILT_PRODUCTS_DIR; };
		8239AD56221BDAC000E33B0C /* AppDelegate.swift */ = {isa = PBXFileReference; lastKnownFileType = sourcecode.swift; path = AppDelegate.swift; sourceTree = "<group>"; };
		8239AD58221BDAC000E33B0C /* ViewController.swift */ = {isa = PBXFileReference; lastKnownFileType = sourcecode.swift; path = ViewController.swift; sourceTree = "<group>"; };
		8239AD5B221BDAC000E33B0C /* Base */ = {isa = PBXFileReference; lastKnownFileType = file.storyboard; name = Base; path = Base.lproj/Main.storyboard; sourceTree = "<group>"; };
		8239AD5D221BDAC100E33B0C /* Assets.xcassets */ = {isa = PBXFileReference; lastKnownFileType = folder.assetcatalog; path = Assets.xcassets; sourceTree = "<group>"; };
		8239AD60221BDAC100E33B0C /* Base */ = {isa = PBXFileReference; lastKnownFileType = file.storyboard; name = Base; path = Base.lproj/LaunchScreen.storyboard; sourceTree = "<group>"; };
		8239AD62221BDAC100E33B0C /* Info.plist */ = {isa = PBXFileReference; lastKnownFileType = text.plist.xml; path = Info.plist; sourceTree = "<group>"; };
		8239AD67221BDAC100E33B0C /* TodoTests.xctest */ = {isa = PBXFileReference; explicitFileType = wrapper.cfbundle; includeInIndex = 0; path = TodoTests.xctest; sourceTree = BUILT_PRODUCTS_DIR; };
		8239AD6B221BDAC100E33B0C /* TodoTests.swift */ = {isa = PBXFileReference; lastKnownFileType = sourcecode.swift; path = TodoTests.swift; sourceTree = "<group>"; };
		8239AD6D221BDAC100E33B0C /* Info.plist */ = {isa = PBXFileReference; lastKnownFileType = text.plist.xml; path = Info.plist; sourceTree = "<group>"; };
		8239AD72221BDAC100E33B0C /* TodoUITests.xctest */ = {isa = PBXFileReference; explicitFileType = wrapper.cfbundle; includeInIndex = 0; path = TodoUITests.xctest; sourceTree = BUILT_PRODUCTS_DIR; };
		8239AD76221BDAC100E33B0C /* TodoUITests.swift */ = {isa = PBXFileReference; lastKnownFileType = sourcecode.swift; path = TodoUITests.swift; sourceTree = "<group>"; };
		8239AD78221BDAC100E33B0C /* Info.plist */ = {isa = PBXFileReference; lastKnownFileType = text.plist.xml; path = Info.plist; sourceTree = "<group>"; };
/* End PBXFileReference section */

/* Begin PBXFrameworksBuildPhase section */
		8239AD50221BDAC000E33B0C /* Frameworks */ = {
			isa = PBXFrameworksBuildPhase;
			buildActionMask = 2147483647;
			files = (
			);
			runOnlyForDeploymentPostprocessing = 0;
		};
		8239AD64221BDAC100E33B0C /* Frameworks */ = {
			isa = PBXFrameworksBuildPhase;
			buildActionMask = 2147483647;
			files = (
			);
			runOnlyForDeploymentPostprocessing = 0;
		};
		8239AD6F221BDAC100E33B0C /* Frameworks */ = {
			isa = PBXFrameworksBuildPhase;
			buildActionMask = 2147483647;
			files = (
			);
			runOnlyForDeploymentPostprocessing = 0;
		};
/* End PBXFrameworksBuildPhase section */

/* Begin PBXGroup section */
		8239AD4A221BDAC000E33B0C = {
			isa = PBXGroup;
			children = (
				8239AD55221BDAC000E33B0C /* Todo */,
				8239AD6A221BDAC100E33B0C /* TodoTests */,
				8239AD75221BDAC100E33B0C /* TodoUITests */,
				8239AD54221BDAC000E33B0C /* Products */,
			);
			sourceTree = "<group>";
		};
		8239AD54221BDAC000E33B0C /* Products */ = {
			isa = PBXGroup;
			children = (
				8239AD53221BDAC000E33B0C /* Todo.app */,
				8239AD67221BDAC100E33B0C /* TodoTests.xctest */,
				8239AD72221BDAC100E33B0C /* TodoUITests.xctest */,
			);
			name = Products;
			sourceTree = "<group>";
		};
		8239AD55221BDAC000E33B0C /* Todo */ = {
			isa = PBXGroup;
			children = (
				8239AD56221BDAC000E33B0C /* AppDelegate.swift */,
				8239AD58221BDAC000E33B0C /* ViewController.swift */,
				8239AD5A221BDAC000E33B0C /* Main.storyboard */,
				8239AD5D221BDAC100E33B0C /* Assets.xcassets */,
				8239AD5F221BDAC100E33B0C /* LaunchScreen.storyboard */,
				8239AD62221BDAC100E33B0C /* Info.plist */,
			);
			path = Todo;
			sourceTree = "<group>";
		};
		8239AD6A221BDAC100E33B0C /* TodoTests */ = {
			isa = PBXGroup;
			children = (
				8239AD6B221BDAC100E33B0C /* TodoTests.swift */,
				8239AD6D221BDAC100E33B0C /* Info.plist */,
			);
			path = TodoTests;
			sourceTree = "<group>";
		};
		8239AD75221BDAC100E33B0C /* TodoUITests */ = {
			isa = PBXGroup;
			children = (
				8239AD76221BDAC100E33B0C /* TodoUITests.swift */,
				8239AD78221BDAC100E33B0C /* Info.plist */,
			);
			path = TodoUITests;
			sourceTree = "<group>";
		};
/* End PBXGroup section */

/* Begin PBXNativeTarget section */
		8239AD52221BDAC000E33B0C /* Todo */ = {
			isa = PBXNativeTarget;
			buildConfigurationList = 8239AD7B221BDAC100E33B0C /* Build configuration list for PBXNativeTarget "Todo" */;
			buildPhases = (
				8239AD4F221BDAC000E33B0C /* Sources */,
				8239AD50221BDAC000E33B0C /* Frameworks */,
				8239AD51221BDAC000E33B0C /* Resources */,
			);
			buildRules = (
			);
			dependencies = (
			);
			name = Todo;
			productName = Todo;
			productReference = 8239AD53221BDAC000E33B0C /* Todo.app */;
			productType = "com.apple.product-type.application";
		};
		8239AD66221BDAC100E33B0C /* TodoTests */ = {
			isa = PBXNativeTarget;
			buildConfigurationList = 8239AD7E221BDAC100E33B0C /* Build configuration list for PBXNativeTarget "TodoTests" */;
			buildPhases = (
				8239AD63221BDAC100E33B0C /* Sources */,
				8239AD64221BDAC100E33B0C /* Frameworks */,
				8239AD65221BDAC100E33B0C /* Resources */,
			);
			buildRules = (
			);
			dependencies = (
				8239AD69221BDAC100E33B0C /* PBXTargetDependency */,
			);
			name = TodoTests;
			productName = TodoTests;
			productReference = 8239AD67221BDAC100E33B0C /* TodoTests.xctest */;
			productType = "com.apple.product-type.bundle.unit-test";
		};
		8239AD71221BDAC100E33B0C /* TodoUITests */ = {
			isa = PBXNativeTarget;
			buildConfigurationList = 8239AD81221BDAC100E33B0C /* Build configuration list for PBXNativeTarget "TodoUITests" */;
			buildPhases = (
				8239AD6E221BDAC100E33B0C /* Sources */,
				8239AD6F221BDAC100E33B0C /* Frameworks */,
				8239AD70221BDAC100E33B0C /* Resources */,
			);
			buildRules = (
			);
			dependencies = (
				8239AD74221BDAC100E33B0C /* PBXTargetDependency */,
			);
			name = TodoUITests;
			productName = TodoUITests;
			productReference = 8239AD72221BDAC100E33B0C /* TodoUITests.xctest */;
			productType = "com.apple.product-type.bundle.ui-testing";
		};
/* End PBXNativeTarget section */

/* Begin PBXProject section */
		8239AD4B221BDAC000E33B0C /* Project object */ = {
			isa = PBXProject;
			attributes = {
				LastSwiftUpdateCheck = 1010;
				LastUpgradeCheck = 1010;
				ORGANIZATIONNAME = "Kiyoto Ryuman";
				TargetAttributes = {
					8239AD52221BDAC000E33B0C = {
						CreatedOnToolsVersion = 10.1;
					};
					8239AD66221BDAC100E33B0C = {
						CreatedOnToolsVersion = 10.1;
						TestTargetID = 8239AD52221BDAC000E33B0C;
					};
					8239AD71221BDAC100E33B0C = {
						CreatedOnToolsVersion = 10.1;
						TestTargetID = 8239AD52221BDAC000E33B0C;
					};
				};
			};
			buildConfigurationList = 8239AD4E221BDAC000E33B0C /* Build configuration list for PBXProject "Todo" */;
			compatibilityVersion = "Xcode 9.3";
			developmentRegion = en;
			hasScannedForEncodings = 0;
			knownRegions = (
				en,
				Base,
			);
			mainGroup = 8239AD4A221BDAC000E33B0C;
			productRefGroup = 8239AD54221BDAC000E33B0C /* Products */;
			projectDirPath = "";
			projectRoot = "";
			targets = (
				8239AD52221BDAC000E33B0C /* Todo */,
				8239AD66221BDAC100E33B0C /* TodoTests */,
				8239AD71221BDAC100E33B0C /* TodoUITests */,
			);
		};
/* End PBXProject section */

/* Begin PBXResourcesBuildPhase section */
		8239AD51221BDAC000E33B0C /* Resources */ = {
			isa = PBXResourcesBuildPhase;
			buildActionMask = 2147483647;
			files = (
				8239AD61221BDAC100E33B0C /* LaunchScreen.storyboard in Resources */,
				8239AD5E221BDAC100E33B0C /* Assets.xcassets in Resources */,
				8239AD5C221BDAC000E33B0C /* Main.storyboard in Resources */,
			);
			runOnlyForDeploymentPostprocessing = 0;
		};
		8239AD65221BDAC100E33B0C /* Resources */ = {
			isa = PBXResourcesBuildPhase;
			buildActionMask = 2147483647;
			files = (
			);
			runOnlyForDeploymentPostprocessing = 0;
		};
		8239AD70221BDAC100E33B0C /* Resources */ = {
			isa = PBXResourcesBuildPhase;
			buildActionMask = 2147483647;
			files = (
			);
			runOnlyForDeploymentPostprocessing = 0;
		};
/* End PBXResourcesBuildPhase section */

/* Begin PBXSourcesBuildPhase section */
		8239AD4F221BDAC000E33B0C /* Sources */ = {
			isa = PBXSourcesBuildPhase;
			buildActionMask = 2147483647;
			files = (
				8239AD59221BDAC000E33B0C /* ViewController.swift in Sources */,
				8239AD57221BDAC000E33B0C /* AppDelegate.swift in Sources */,
			);
			runOnlyForDeploymentPostprocessing = 0;
		};
		8239AD63221BDAC100E33B0C /* Sources */ = {
			isa = PBXSourcesBuildPhase;
			buildActionMask = 2147483647;
			files = (
				8239AD6C221BDAC100E33B0C /* TodoTests.swift in Sources */,
			);
			runOnlyForDeploymentPostprocessing = 0;
		};
		8239AD6E221BDAC100E33B0C /* Sources */ = {
			isa = PBXSourcesBuildPhase;
			buildActionMask = 2147483647;
			files = (
				8239AD77221BDAC100E33B0C /* TodoUITests.swift in Sources */,
			);
			runOnlyForDeploymentPostprocessing = 0;
		};
/* End PBXSourcesBuildPhase section */

/* Begin PBXTargetDependency section */
		8239AD69221BDAC100E33B0C /* PBXTargetDependency */ = {
			isa = PBXTargetDependency;
			target = 8239AD52221BDAC000E33B0C /* Todo */;
			targetProxy = 8239AD68221BDAC100E33B0C /* PBXContainerItemProxy */;
		};
		8239AD74221BDAC100E33B0C /* PBXTargetDependency */ = {
			isa = PBXTargetDependency;
			target = 8239AD52221BDAC000E33B0C /* Todo */;
			targetProxy = 8239AD73221BDAC100E33B0C /* PBXContainerItemProxy */;
		};
/* End PBXTargetDependency section */

/* Begin PBXVariantGroup section */
		8239AD5A221BDAC000E33B0C /* Main.storyboard */ = {
			isa = PBXVariantGroup;
			children = (
				8239AD5B221BDAC000E33B0C /* Base */,
			);
			name = Main.storyboard;
			sourceTree = "<group>";
		};
		8239AD5F221BDAC100E33B0C /* LaunchScreen.storyboard */ = {
			isa = PBXVariantGroup;
			children = (
				8239AD60221BDAC100E33B0C /* Base */,
			);
			name = LaunchScreen.storyboard;
			sourceTree = "<group>";
		};
/* End PBXVariantGroup section */

/* Begin XCBuildConfiguration section */
		8239AD79221BDAC100E33B0C /* Debug */ = {
			isa = XCBuildConfiguration;
			buildSettings = {
				ALWAYS_SEARCH_USER_PATHS = NO;
				CLANG_ANALYZER_NONNULL = YES;
				CLANG_ANALYZER_NUMBER_OBJECT_CONVERSION = YES_AGGRESSIVE;
				CLANG_CXX_LANGUAGE_STANDARD = "gnu++14";
				CLANG_CXX_LIBRARY = "libc++";
				CLANG_ENABLE_MODULES = YES;
				CLANG_ENABLE_OBJC_ARC = YES;
				CLANG_ENABLE_OBJC_WEAK = YES;
				CLANG_WARN_BLOCK_CAPTURE_AUTORELEASING = YES;
				CLANG_WARN_BOOL_CONVERSION = YES;
				CLANG_WARN_COMMA = YES;
				CLANG_WARN_CONSTANT_CONVERSION = YES;
				CLANG_WARN_DEPRECATED_OBJC_IMPLEMENTATIONS = YES;
				CLANG_WARN_DIRECT_OBJC_ISA_USAGE = YES_ERROR;
				CLANG_WARN_DOCUMENTATION_COMMENTS = YES;
				CLANG_WARN_EMPTY_BODY = YES;
				CLANG_WARN_ENUM_CONVERSION = YES;
				CLANG_WARN_INFINITE_RECURSION = YES;
				CLANG_WARN_INT_CONVERSION = YES;
				CLANG_WARN_NON_LITERAL_NULL_CONVERSION = YES;
				CLANG_WARN_OBJC_IMPLICIT_RETAIN_SELF = YES;
				CLANG_WARN_OBJC_LITERAL_CONVERSION = YES;
				CLANG_WARN_OBJC_ROOT_CLASS = YES_ERROR;
				CLANG_WARN_RANGE_LOOP_ANALYSIS = YES;
				CLANG_WARN_STRICT_PROTOTYPES = YES;
				CLANG_WARN_SUSPICIOUS_MOVE = YES;
				CLANG_WARN_UNGUARDED_AVAILABILITY = YES_AGGRESSIVE;
				CLANG_WARN_UNREACHABLE_CODE = YES;
				CLANG_WARN__DUPLICATE_METHOD_MATCH = YES;
				CODE_SIGN_IDENTITY = "iPhone Developer";
				COPY_PHASE_STRIP = NO;
				DEBUG_INFORMATION_FORMAT = dwarf;
				ENABLE_STRICT_OBJC_MSGSEND = YES;
				ENABLE_TESTABILITY = YES;
				GCC_C_LANGUAGE_STANDARD = gnu11;
				GCC_DYNAMIC_NO_PIC = NO;
				GCC_NO_COMMON_BLOCKS = YES;
				GCC_OPTIMIZATION_LEVEL = 0;
				GCC_PREPROCESSOR_DEFINITIONS = (
					"DEBUG=1",
					"$(inherited)",
				);
				GCC_WARN_64_TO_32_BIT_CONVERSION = YES;
				GCC_WARN_ABOUT_RETURN_TYPE = YES_ERROR;
				GCC_WARN_UNDECLARED_SELECTOR = YES;
				GCC_WARN_UNINITIALIZED_AUTOS = YES_AGGRESSIVE;
				GCC_WARN_UNUSED_FUNCTION = YES;
				GCC_WARN_UNUSED_VARIABLE = YES;
				IPHONEOS_DEPLOYMENT_TARGET = 12.1;
				MTL_ENABLE_DEBUG_INFO = INCLUDE_SOURCE;
				MTL_FAST_MATH = YES;
				ONLY_ACTIVE_ARCH = YES;
				SDKROOT = iphoneos;
				SWIFT_ACTIVE_COMPILATION_CONDITIONS = DEBUG;
				SWIFT_OPTIMIZATION_LEVEL = "-Onone";
			};
			name = Debug;
		};
		8239AD7A221BDAC100E33B0C /* Release */ = {
			isa = XCBuildConfiguration;
			buildSettings = {
				ALWAYS_SEARCH_USER_PATHS = NO;
				CLANG_ANALYZER_NONNULL = YES;
				CLANG_ANALYZER_NUMBER_OBJECT_CONVERSION = YES_AGGRESSIVE;
				CLANG_CXX_LANGUAGE_STANDARD = "gnu++14";
				CLANG_CXX_LIBRARY = "libc++";
				CLANG_ENABLE_MODULES = YES;
				CLANG_ENABLE_OBJC_ARC = YES;
				CLANG_ENABLE_OBJC_WEAK = YES;
				CLANG_WARN_BLOCK_CAPTURE_AUTORELEASING = YES;
				CLANG_WARN_BOOL_CONVERSION = YES;
				CLANG_WARN_COMMA = YES;
				CLANG_WARN_CONSTANT_CONVERSION = YES;
				CLANG_WARN_DEPRECATED_OBJC_IMPLEMENTATIONS = YES;
				CLANG_WARN_DIRECT_OBJC_ISA_USAGE = YES_ERROR;
				CLANG_WARN_DOCUMENTATION_COMMENTS = YES;
				CLANG_WARN_EMPTY_BODY = YES;
				CLANG_WARN_ENUM_CONVERSION = YES;
				CLANG_WARN_INFINITE_RECURSION = YES;
				CLANG_WARN_INT_CONVERSION = YES;
				CLANG_WARN_NON_LITERAL_NULL_CONVERSION = YES;
				CLANG_WARN_OBJC_IMPLICIT_RETAIN_SELF = YES;
				CLANG_WARN_OBJC_LITERAL_CONVERSION = YES;
				CLANG_WARN_OBJC_ROOT_CLASS = YES_ERROR;
				CLANG_WARN_RANGE_LOOP_ANALYSIS = YES;
				CLANG_WARN_STRICT_PROTOTYPES = YES;
				CLANG_WARN_SUSPICIOUS_MOVE = YES;
				CLANG_WARN_UNGUARDED_AVAILABILITY = YES_AGGRESSIVE;
				CLANG_WARN_UNREACHABLE_CODE = YES;
				CLANG_WARN__DUPLICATE_METHOD_MATCH = YES;
				CODE_SIGN_IDENTITY = "iPhone Developer";
				COPY_PHASE_STRIP = NO;
				DEBUG_INFORMATION_FORMAT = "dwarf-with-dsym";
				ENABLE_NS_ASSERTIONS = NO;
				ENABLE_STRICT_OBJC_MSGSEND = YES;
				GCC_C_LANGUAGE_STANDARD = gnu11;
				GCC_NO_COMMON_BLOCKS = YES;
				GCC_WARN_64_TO_32_BIT_CONVERSION = YES;
				GCC_WARN_ABOUT_RETURN_TYPE = YES_ERROR;
				GCC_WARN_UNDECLARED_SELECTOR = YES;
				GCC_WARN_UNINITIALIZED_AUTOS = YES_AGGRESSIVE;
				GCC_WARN_UNUSED_FUNCTION = YES;
				GCC_WARN_UNUSED_VARIABLE = YES;
				IPHONEOS_DEPLOYMENT_TARGET = 12.1;
				MTL_ENABLE_DEBUG_INFO = NO;
				MTL_FAST_MATH = YES;
				SDKROOT = iphoneos;
				SWIFT_COMPILATION_MODE = wholemodule;
				SWIFT_OPTIMIZATION_LEVEL = "-O";
				VALIDATE_PRODUCT = YES;
			};
			name = Release;
		};
		8239AD7C221BDAC100E33B0C /* Debug */ = {
			isa = XCBuildConfiguration;
			buildSettings = {
				ASSETCATALOG_COMPILER_APPICON_NAME = AppIcon;
				CODE_SIGN_STYLE = Automatic;
				DEVELOPMENT_TEAM = KH2UHCDNT4;
				INFOPLIST_FILE = Todo/Info.plist;
				LD_RUNPATH_SEARCH_PATHS = (
					"$(inherited)",
					"@executable_path/Frameworks",
				);
				PRODUCT_BUNDLE_IDENTIFIER = KiyotoRyuman.Todo;
				PRODUCT_NAME = "$(TARGET_NAME)";
				SWIFT_VERSION = 4.2;
				TARGETED_DEVICE_FAMILY = "1,2";
			};
			name = Debug;
		};
		8239AD7D221BDAC100E33B0C /* Release */ = {
			isa = XCBuildConfiguration;
			buildSettings = {
				ASSETCATALOG_COMPILER_APPICON_NAME = AppIcon;
				CODE_SIGN_STYLE = Automatic;
				DEVELOPMENT_TEAM = KH2UHCDNT4;
				INFOPLIST_FILE = Todo/Info.plist;
				LD_RUNPATH_SEARCH_PATHS = (
					"$(inherited)",
					"@executable_path/Frameworks",
				);
				PRODUCT_BUNDLE_IDENTIFIER = KiyotoRyuman.Todo;
				PRODUCT_NAME = "$(TARGET_NAME)";
				SWIFT_VERSION = 4.2;
				TARGETED_DEVICE_FAMILY = "1,2";
			};
			name = Release;
		};
		8239AD7F221BDAC100E33B0C /* Debug */ = {
			isa = XCBuildConfiguration;
			buildSettings = {
				ALWAYS_EMBED_SWIFT_STANDARD_LIBRARIES = YES;
				BUNDLE_LOADER = "$(TEST_HOST)";
				CODE_SIGN_STYLE = Automatic;
				DEVELOPMENT_TEAM = KH2UHCDNT4;
				INFOPLIST_FILE = TodoTests/Info.plist;
				LD_RUNPATH_SEARCH_PATHS = (
					"$(inherited)",
					"@executable_path/Frameworks",
					"@loader_path/Frameworks",
				);
				PRODUCT_BUNDLE_IDENTIFIER = KiyotoRyuman.TodoTests;
				PRODUCT_NAME = "$(TARGET_NAME)";
				SWIFT_VERSION = 4.2;
				TARGETED_DEVICE_FAMILY = "1,2";
				TEST_HOST = "$(BUILT_PRODUCTS_DIR)/Todo.app/Todo";
			};
			name = Debug;
		};
		8239AD80221BDAC100E33B0C /* Release */ = {
			isa = XCBuildConfiguration;
			buildSettings = {
				ALWAYS_EMBED_SWIFT_STANDARD_LIBRARIES = YES;
				BUNDLE_LOADER = "$(TEST_HOST)";
				CODE_SIGN_STYLE = Automatic;
				DEVELOPMENT_TEAM = KH2UHCDNT4;
				INFOPLIST_FILE = TodoTests/Info.plist;
				LD_RUNPATH_SEARCH_PATHS = (
					"$(inherited)",
					"@executable_path/Frameworks",
					"@loader_path/Frameworks",
				);
				PRODUCT_BUNDLE_IDENTIFIER = KiyotoRyuman.TodoTests;
				PRODUCT_NAME = "$(TARGET_NAME)";
				SWIFT_VERSION = 4.2;
				TARGETED_DEVICE_FAMILY = "1,2";
				TEST_HOST = "$(BUILT_PRODUCTS_DIR)/Todo.app/Todo";
			};
			name = Release;
		};
		8239AD82221BDAC100E33B0C /* Debug */ = {
			isa = XCBuildConfiguration;
			buildSettings = {
				ALWAYS_EMBED_SWIFT_STANDARD_LIBRARIES = YES;
				CODE_SIGN_STYLE = Automatic;
				DEVELOPMENT_TEAM = KH2UHCDNT4;
				INFOPLIST_FILE = TodoUITests/Info.plist;
				LD_RUNPATH_SEARCH_PATHS = (
					"$(inherited)",
					"@executable_path/Frameworks",
					"@loader_path/Frameworks",
				);
				PRODUCT_BUNDLE_IDENTIFIER = KiyotoRyuman.TodoUITests;
				PRODUCT_NAME = "$(TARGET_NAME)";
				SWIFT_VERSION = 4.2;
				TARGETED_DEVICE_FAMILY = "1,2";
				TEST_TARGET_NAME = Todo;
			};
			name = Debug;
		};
		8239AD83221BDAC100E33B0C /* Release */ = {
			isa = XCBuildConfiguration;
			buildSettings = {
				ALWAYS_EMBED_SWIFT_STANDARD_LIBRARIES = YES;
				CODE_SIGN_STYLE = Automatic;
				DEVELOPMENT_TEAM = KH2UHCDNT4;
				INFOPLIST_FILE = TodoUITests/Info.plist;
				LD_RUNPATH_SEARCH_PATHS = (
					"$(inherited)",
					"@executable_path/Frameworks",
					"@loader_path/Frameworks",
				);
				PRODUCT_BUNDLE_IDENTIFIER = KiyotoRyuman.TodoUITests;
				PRODUCT_NAME = "$(TARGET_NAME)";
				SWIFT_VERSION = 4.2;
				TARGETED_DEVICE_FAMILY = "1,2";
				TEST_TARGET_NAME = Todo;
			};
			name = Release;
		};
/* End XCBuildConfiguration section */

/* Begin XCConfigurationList section */
		8239AD4E221BDAC000E33B0C /* Build configuration list for PBXProject "Todo" */ = {
			isa = XCConfigurationList;
			buildConfigurations = (
				8239AD79221BDAC100E33B0C /* Debug */,
				8239AD7A221BDAC100E33B0C /* Release */,
			);
			defaultConfigurationIsVisible = 0;
			defaultConfigurationName = Release;
		};
		8239AD7B221BDAC100E33B0C /* Build configuration list for PBXNativeTarget "Todo" */ = {
			isa = XCConfigurationList;
			buildConfigurations = (
				8239AD7C221BDAC100E33B0C /* Debug */,
				8239AD7D221BDAC100E33B0C /* Release */,
			);
			defaultConfigurationIsVisible = 0;
			defaultConfigurationName = Release;
		};
		8239AD7E221BDAC100E33B0C /* Build configuration list for PBXNativeTarget "TodoTests" */ = {
			isa = XCConfigurationList;
			buildConfigurations = (
				8239AD7F221BDAC100E33B0C /* Debug */,
				8239AD80221BDAC100E33B0C /* Release */,
			);
			defaultConfigurationIsVisible = 0;
			defaultConfigurationName = Release;
		};
		8239AD81221BDAC100E33B0C /* Build configuration list for PBXNativeTarget "TodoUITests" */ = {
			isa = XCConfigurationList;
			buildConfigurations = (
				8239AD82221BDAC100E33B0C /* Debug */,
				8239AD83221BDAC100E33B0C /* Release */,
			);
			defaultConfigurationIsVisible = 0;
			defaultConfigurationName = Release;
		};
/* End XCConfigurationList section */
	};
	rootObject = 8239AD4B221BDAC000E33B0C /* Project object */;
}
